// !$*UTF8*$!
{
	archiveVersion = 1;
	classes = {
	};
	objectVersion = 56;
	objects = {

/* Begin PBXBuildFile section */
		8631F6D22A2A142000A29BF5 /* date.swift in Sources */ = {isa = PBXBuildFile; fileRef = 8631F6D12A2A142000A29BF5 /* date.swift */; };
		8631F6D72A2A353700A29BF5 /* GrowthManageViewController.swift in Sources */ = {isa = PBXBuildFile; fileRef = 8631F6D62A2A353700A29BF5 /* GrowthManageViewController.swift */; };
		864442FE2A35EEBE00556BD9 /* MainViewModel.swift in Sources */ = {isa = PBXBuildFile; fileRef = 864442FD2A35EEBE00556BD9 /* MainViewModel.swift */; };
		864443002A35EECC00556BD9 /* GrowthRegisterViewModel.swift in Sources */ = {isa = PBXBuildFile; fileRef = 864442FF2A35EECC00556BD9 /* GrowthRegisterViewModel.swift */; };
		864443022A35EEDF00556BD9 /* GrowthManageViewModel.swift in Sources */ = {isa = PBXBuildFile; fileRef = 864443012A35EEDF00556BD9 /* GrowthManageViewModel.swift */; };
		8657FEDD2A4FFD780011124A /* CustomButton.swift in Sources */ = {isa = PBXBuildFile; fileRef = 8657FEDC2A4FFD780011124A /* CustomButton.swift */; };
		8657FEE12A5004C70011124A /* AddMemoViewModel.swift in Sources */ = {isa = PBXBuildFile; fileRef = 8657FEE02A5004C70011124A /* AddMemoViewModel.swift */; };
		8657FEE62A501B610011124A /* addMemoViewController.swift in Sources */ = {isa = PBXBuildFile; fileRef = 8657FEE52A501B610011124A /* addMemoViewController.swift */; };
		866878492A2840AD005ED0A1 /* detailVege.swift in Sources */ = {isa = PBXBuildFile; fileRef = 866878482A2840AD005ED0A1 /* detailVege.swift */; };
		866C10BA2A12081400AE1D47 /* AppDelegate.swift in Sources */ = {isa = PBXBuildFile; fileRef = 866C10B92A12081400AE1D47 /* AppDelegate.swift */; };
		866C10BC2A12081400AE1D47 /* SceneDelegate.swift in Sources */ = {isa = PBXBuildFile; fileRef = 866C10BB2A12081400AE1D47 /* SceneDelegate.swift */; };
		866C10C42A12081400AE1D47 /* vegegrowth_ios.xcdatamodeld in Sources */ = {isa = PBXBuildFile; fileRef = 866C10C22A12081400AE1D47 /* vegegrowth_ios.xcdatamodeld */; };
		866C10C62A12081500AE1D47 /* Assets.xcassets in Resources */ = {isa = PBXBuildFile; fileRef = 866C10C52A12081500AE1D47 /* Assets.xcassets */; };
		8674D70B2A36BA2300D2F25B /* RxCocoa in Frameworks */ = {isa = PBXBuildFile; productRef = 8674D70A2A36BA2300D2F25B /* RxCocoa */; };
		8674D70D2A36BA2300D2F25B /* RxRelay in Frameworks */ = {isa = PBXBuildFile; productRef = 8674D70C2A36BA2300D2F25B /* RxRelay */; };
		8674D70F2A36BA2300D2F25B /* RxSwift in Frameworks */ = {isa = PBXBuildFile; productRef = 8674D70E2A36BA2300D2F25B /* RxSwift */; };
		8674D7122A3948AA00D2F25B /* RxDataSources in Frameworks */ = {isa = PBXBuildFile; productRef = 8674D7112A3948AA00D2F25B /* RxDataSources */; };
		867D520C2A16565C00807A70 /* slideshow.swift in Sources */ = {isa = PBXBuildFile; fileRef = 867D520B2A16565C00807A70 /* slideshow.swift */; };
		867D520E2A16566100807A70 /* MainViewController.swift in Sources */ = {isa = PBXBuildFile; fileRef = 867D520D2A16566100807A70 /* MainViewController.swift */; };
		86D56B3A2A619170001EA96E /* BrowseViewController.swift in Sources */ = {isa = PBXBuildFile; fileRef = 86D56B392A619170001EA96E /* BrowseViewController.swift */; };
		86D56B3C2A619BA4001EA96E /* BrowseViewModel.swift in Sources */ = {isa = PBXBuildFile; fileRef = 86D56B3B2A619BA4001EA96E /* BrowseViewModel.swift */; };
		86D56B402A622A5B001EA96E /* browseData.swift in Sources */ = {isa = PBXBuildFile; fileRef = 86D56B3F2A622A5B001EA96E /* browseData.swift */; };
		86E2A6D22A15DC6C00D3D64C /* Main.storyboard in Resources */ = {isa = PBXBuildFile; fileRef = 86E2A6D12A15DC6C00D3D64C /* Main.storyboard */; };
		86E2A6D42A15DCF300D3D64C /* vegemanager.swift in Sources */ = {isa = PBXBuildFile; fileRef = 86E2A6D32A15DCF300D3D64C /* vegemanager.swift */; };
		86E2A6D82A15E26D00D3D64C /* tablemanager.swift in Sources */ = {isa = PBXBuildFile; fileRef = 86E2A6D72A15E26D00D3D64C /* tablemanager.swift */; };
		86E523FA2A120FC80012D10C /* GrowthRegisterViewController.swift in Sources */ = {isa = PBXBuildFile; fileRef = 86E523F92A120FC80012D10C /* GrowthRegisterViewController.swift */; };
		86E523FC2A1212630012D10C /* saveImg.swift in Sources */ = {isa = PBXBuildFile; fileRef = 86E523FB2A1212630012D10C /* saveImg.swift */; };
		FBFFFE399CC690F0898761E4 /* Pods_vegegrowth_ios.framework in Frameworks */ = {isa = PBXBuildFile; fileRef = BC454D5F9AE96470F2426F4A /* Pods_vegegrowth_ios.framework */; };
/* End PBXBuildFile section */

/* Begin PBXFileReference section */
		59F8B2A32BB6B8B36DB4E3E2 /* Pods-vegegrowth_ios.debug.xcconfig */ = {isa = PBXFileReference; includeInIndex = 1; lastKnownFileType = text.xcconfig; name = "Pods-vegegrowth_ios.debug.xcconfig"; path = "Target Support Files/Pods-vegegrowth_ios/Pods-vegegrowth_ios.debug.xcconfig"; sourceTree = "<group>"; };
		84F34F3D870F5DB5A4A32A98 /* Pods-vegegrowth_ios.release.xcconfig */ = {isa = PBXFileReference; includeInIndex = 1; lastKnownFileType = text.xcconfig; name = "Pods-vegegrowth_ios.release.xcconfig"; path = "Target Support Files/Pods-vegegrowth_ios/Pods-vegegrowth_ios.release.xcconfig"; sourceTree = "<group>"; };
		8631F6D12A2A142000A29BF5 /* date.swift */ = {isa = PBXFileReference; lastKnownFileType = sourcecode.swift; path = date.swift; sourceTree = "<group>"; };
		8631F6D62A2A353700A29BF5 /* GrowthManageViewController.swift */ = {isa = PBXFileReference; lastKnownFileType = sourcecode.swift; path = GrowthManageViewController.swift; sourceTree = "<group>"; };
		864442FD2A35EEBE00556BD9 /* MainViewModel.swift */ = {isa = PBXFileReference; lastKnownFileType = sourcecode.swift; path = MainViewModel.swift; sourceTree = "<group>"; };
		864442FF2A35EECC00556BD9 /* GrowthRegisterViewModel.swift */ = {isa = PBXFileReference; lastKnownFileType = sourcecode.swift; path = GrowthRegisterViewModel.swift; sourceTree = "<group>"; };
		864443012A35EEDF00556BD9 /* GrowthManageViewModel.swift */ = {isa = PBXFileReference; lastKnownFileType = sourcecode.swift; path = GrowthManageViewModel.swift; sourceTree = "<group>"; };
		8657FEDC2A4FFD780011124A /* CustomButton.swift */ = {isa = PBXFileReference; lastKnownFileType = sourcecode.swift; path = CustomButton.swift; sourceTree = "<group>"; };
		8657FEE02A5004C70011124A /* AddMemoViewModel.swift */ = {isa = PBXFileReference; lastKnownFileType = sourcecode.swift; path = AddMemoViewModel.swift; sourceTree = "<group>"; };
		8657FEE52A501B610011124A /* addMemoViewController.swift */ = {isa = PBXFileReference; lastKnownFileType = sourcecode.swift; path = addMemoViewController.swift; sourceTree = "<group>"; };
		866878482A2840AD005ED0A1 /* detailVege.swift */ = {isa = PBXFileReference; lastKnownFileType = sourcecode.swift; path = detailVege.swift; sourceTree = "<group>"; };
		866C10B62A12081400AE1D47 /* vegegrowth_ios.app */ = {isa = PBXFileReference; explicitFileType = wrapper.application; includeInIndex = 0; path = vegegrowth_ios.app; sourceTree = BUILT_PRODUCTS_DIR; };
		866C10B92A12081400AE1D47 /* AppDelegate.swift */ = {isa = PBXFileReference; lastKnownFileType = sourcecode.swift; path = AppDelegate.swift; sourceTree = "<group>"; };
		866C10BB2A12081400AE1D47 /* SceneDelegate.swift */ = {isa = PBXFileReference; lastKnownFileType = sourcecode.swift; path = SceneDelegate.swift; sourceTree = "<group>"; };
		866C10C32A12081400AE1D47 /* vegegrowth_ios.xcdatamodel */ = {isa = PBXFileReference; lastKnownFileType = wrapper.xcdatamodel; path = vegegrowth_ios.xcdatamodel; sourceTree = "<group>"; };
		866C10C52A12081500AE1D47 /* Assets.xcassets */ = {isa = PBXFileReference; lastKnownFileType = folder.assetcatalog; path = Assets.xcassets; sourceTree = "<group>"; };
		866C10CA2A12081500AE1D47 /* Info.plist */ = {isa = PBXFileReference; lastKnownFileType = text.plist.xml; path = Info.plist; sourceTree = "<group>"; };
		867D520B2A16565C00807A70 /* slideshow.swift */ = {isa = PBXFileReference; lastKnownFileType = sourcecode.swift; path = slideshow.swift; sourceTree = "<group>"; };
		867D520D2A16566100807A70 /* MainViewController.swift */ = {isa = PBXFileReference; lastKnownFileType = sourcecode.swift; path = MainViewController.swift; sourceTree = "<group>"; };
		86D56B392A619170001EA96E /* BrowseViewController.swift */ = {isa = PBXFileReference; lastKnownFileType = sourcecode.swift; path = BrowseViewController.swift; sourceTree = "<group>"; };
		86D56B3B2A619BA4001EA96E /* BrowseViewModel.swift */ = {isa = PBXFileReference; lastKnownFileType = sourcecode.swift; path = BrowseViewModel.swift; sourceTree = "<group>"; };
		86D56B3F2A622A5B001EA96E /* browseData.swift */ = {isa = PBXFileReference; lastKnownFileType = sourcecode.swift; path = browseData.swift; sourceTree = "<group>"; };
		86E2A6D12A15DC6C00D3D64C /* Main.storyboard */ = {isa = PBXFileReference; lastKnownFileType = file.storyboard; path = Main.storyboard; sourceTree = "<group>"; };
		86E2A6D32A15DCF300D3D64C /* vegemanager.swift */ = {isa = PBXFileReference; lastKnownFileType = sourcecode.swift; path = vegemanager.swift; sourceTree = "<group>"; };
		86E2A6D72A15E26D00D3D64C /* tablemanager.swift */ = {isa = PBXFileReference; lastKnownFileType = sourcecode.swift; path = tablemanager.swift; sourceTree = "<group>"; };
		86E523F92A120FC80012D10C /* GrowthRegisterViewController.swift */ = {isa = PBXFileReference; lastKnownFileType = sourcecode.swift; path = GrowthRegisterViewController.swift; sourceTree = "<group>"; };
		86E523FB2A1212630012D10C /* saveImg.swift */ = {isa = PBXFileReference; lastKnownFileType = sourcecode.swift; path = saveImg.swift; sourceTree = "<group>"; };
		BC454D5F9AE96470F2426F4A /* Pods_vegegrowth_ios.framework */ = {isa = PBXFileReference; explicitFileType = wrapper.framework; includeInIndex = 0; path = Pods_vegegrowth_ios.framework; sourceTree = BUILT_PRODUCTS_DIR; };
/* End PBXFileReference section */

/* Begin PBXFrameworksBuildPhase section */
		866C10B32A12081400AE1D47 /* Frameworks */ = {
			isa = PBXFrameworksBuildPhase;
			buildActionMask = 2147483647;
			files = (
				8674D70D2A36BA2300D2F25B /* RxRelay in Frameworks */,
				8674D70B2A36BA2300D2F25B /* RxCocoa in Frameworks */,
				8674D70F2A36BA2300D2F25B /* RxSwift in Frameworks */,
				8674D7122A3948AA00D2F25B /* RxDataSources in Frameworks */,
				FBFFFE399CC690F0898761E4 /* Pods_vegegrowth_ios.framework in Frameworks */,
			);
			runOnlyForDeploymentPostprocessing = 0;
		};
/* End PBXFrameworksBuildPhase section */

/* Begin PBXGroup section */
		864442FA2A35EA1C00556BD9 /* Models */ = {
			isa = PBXGroup;
			children = (
				86E2A6D32A15DCF300D3D64C /* vegemanager.swift */,
				86E2A6D72A15E26D00D3D64C /* tablemanager.swift */,
				86E523FB2A1212630012D10C /* saveImg.swift */,
				867D520B2A16565C00807A70 /* slideshow.swift */,
				866878482A2840AD005ED0A1 /* detailVege.swift */,
				8631F6D12A2A142000A29BF5 /* date.swift */,
				86D56B3F2A622A5B001EA96E /* browseData.swift */,
			);
			path = Models;
			sourceTree = "<group>";
		};
		864442FC2A35EA3B00556BD9 /* Views */ = {
			isa = PBXGroup;
			children = (
				867D520D2A16566100807A70 /* MainViewController.swift */,
				86E523F92A120FC80012D10C /* GrowthRegisterViewController.swift */,
				8631F6D62A2A353700A29BF5 /* GrowthManageViewController.swift */,
				8657FEE52A501B610011124A /* addMemoViewController.swift */,
				86D56B392A619170001EA96E /* BrowseViewController.swift */,
			);
			path = Views;
			sourceTree = "<group>";
		};
		864443032A35EF0700556BD9 /* ViewModel */ = {
			isa = PBXGroup;
			children = (
				864442FD2A35EEBE00556BD9 /* MainViewModel.swift */,
				864442FF2A35EECC00556BD9 /* GrowthRegisterViewModel.swift */,
				864443012A35EEDF00556BD9 /* GrowthManageViewModel.swift */,
				8657FEE02A5004C70011124A /* AddMemoViewModel.swift */,
				86D56B3B2A619BA4001EA96E /* BrowseViewModel.swift */,
			);
			path = ViewModel;
			sourceTree = "<group>";
		};
		8657FEE22A5004D60011124A /* UISettings */ = {
			isa = PBXGroup;
			children = (
				8657FEDC2A4FFD780011124A /* CustomButton.swift */,
			);
			path = UISettings;
			sourceTree = "<group>";
		};
		866C10AD2A12081400AE1D47 = {
			isa = PBXGroup;
			children = (
				866C10B82A12081400AE1D47 /* vegegrowth_ios */,
				866C10B72A12081400AE1D47 /* Products */,
				B88F6FEC5E910E6502305ED8 /* Pods */,
				999B27F87C1A1187DC7D7EE1 /* Frameworks */,
			);
			sourceTree = "<group>";
		};
		866C10B72A12081400AE1D47 /* Products */ = {
			isa = PBXGroup;
			children = (
				866C10B62A12081400AE1D47 /* vegegrowth_ios.app */,
			);
			name = Products;
			sourceTree = "<group>";
		};
		866C10B82A12081400AE1D47 /* vegegrowth_ios */ = {
			isa = PBXGroup;
			children = (
				866C10B92A12081400AE1D47 /* AppDelegate.swift */,
				866C10BB2A12081400AE1D47 /* SceneDelegate.swift */,
				866C10C52A12081500AE1D47 /* Assets.xcassets */,
				866C10CA2A12081500AE1D47 /* Info.plist */,
				866C10C22A12081400AE1D47 /* vegegrowth_ios.xcdatamodeld */,
				864442FA2A35EA1C00556BD9 /* Models */,
				864442FC2A35EA3B00556BD9 /* Views */,
				86E2A6D12A15DC6C00D3D64C /* Main.storyboard */,
				864443032A35EF0700556BD9 /* ViewModel */,
				8657FEE22A5004D60011124A /* UISettings */,
			);
			path = vegegrowth_ios;
			sourceTree = "<group>";
		};
		999B27F87C1A1187DC7D7EE1 /* Frameworks */ = {
			isa = PBXGroup;
			children = (
				BC454D5F9AE96470F2426F4A /* Pods_vegegrowth_ios.framework */,
			);
			name = Frameworks;
			sourceTree = "<group>";
		};
		B88F6FEC5E910E6502305ED8 /* Pods */ = {
			isa = PBXGroup;
			children = (
				59F8B2A32BB6B8B36DB4E3E2 /* Pods-vegegrowth_ios.debug.xcconfig */,
				84F34F3D870F5DB5A4A32A98 /* Pods-vegegrowth_ios.release.xcconfig */,
			);
			path = Pods;
			sourceTree = "<group>";
		};
/* End PBXGroup section */

/* Begin PBXNativeTarget section */
		866C10B52A12081400AE1D47 /* vegegrowth_ios */ = {
			isa = PBXNativeTarget;
			buildConfigurationList = 866C10CD2A12081500AE1D47 /* Build configuration list for PBXNativeTarget "vegegrowth_ios" */;
			buildPhases = (
				D38383896FAB89C26DA1BF89 /* [CP] Check Pods Manifest.lock */,
				866C10B22A12081400AE1D47 /* Sources */,
				866C10B32A12081400AE1D47 /* Frameworks */,
				866C10B42A12081400AE1D47 /* Resources */,
				E338217C221F4651EA7DD484 /* [CP] Embed Pods Frameworks */,
			);
			buildRules = (
			);
			dependencies = (
			);
			name = vegegrowth_ios;
			packageProductDependencies = (
				8674D70A2A36BA2300D2F25B /* RxCocoa */,
				8674D70C2A36BA2300D2F25B /* RxRelay */,
				8674D70E2A36BA2300D2F25B /* RxSwift */,
				8674D7112A3948AA00D2F25B /* RxDataSources */,
			);
			productName = vegegrowth_ios;
			productReference = 866C10B62A12081400AE1D47 /* vegegrowth_ios.app */;
			productType = "com.apple.product-type.application";
		};
/* End PBXNativeTarget section */

/* Begin PBXProject section */
		866C10AE2A12081400AE1D47 /* Project object */ = {
			isa = PBXProject;
			attributes = {
				BuildIndependentTargetsInParallel = 1;
				LastSwiftUpdateCheck = 1430;
				LastUpgradeCheck = 1430;
				TargetAttributes = {
					866C10B52A12081400AE1D47 = {
						CreatedOnToolsVersion = 14.3;
					};
				};
			};
			buildConfigurationList = 866C10B12A12081400AE1D47 /* Build configuration list for PBXProject "vegegrowth_ios" */;
			compatibilityVersion = "Xcode 14.0";
			developmentRegion = en;
			hasScannedForEncodings = 0;
			knownRegions = (
				en,
				Base,
			);
			mainGroup = 866C10AD2A12081400AE1D47;
			packageReferences = (
				8674D7092A36BA2300D2F25B /* XCRemoteSwiftPackageReference "RxSwift" */,
				8674D7102A3948AA00D2F25B /* XCRemoteSwiftPackageReference "RxDataSources" */,
			);
			productRefGroup = 866C10B72A12081400AE1D47 /* Products */;
			projectDirPath = "";
			projectRoot = "";
			targets = (
				866C10B52A12081400AE1D47 /* vegegrowth_ios */,
			);
		};
/* End PBXProject section */

/* Begin PBXResourcesBuildPhase section */
		866C10B42A12081400AE1D47 /* Resources */ = {
			isa = PBXResourcesBuildPhase;
			buildActionMask = 2147483647;
			files = (
				86E2A6D22A15DC6C00D3D64C /* Main.storyboard in Resources */,
				866C10C62A12081500AE1D47 /* Assets.xcassets in Resources */,
			);
			runOnlyForDeploymentPostprocessing = 0;
		};
/* End PBXResourcesBuildPhase section */

/* Begin PBXShellScriptBuildPhase section */
		D38383896FAB89C26DA1BF89 /* [CP] Check Pods Manifest.lock */ = {
			isa = PBXShellScriptBuildPhase;
			buildActionMask = 2147483647;
			files = (
			);
			inputFileListPaths = (
			);
			inputPaths = (
				"${PODS_PODFILE_DIR_PATH}/Podfile.lock",
				"${PODS_ROOT}/Manifest.lock",
			);
			name = "[CP] Check Pods Manifest.lock";
			outputFileListPaths = (
			);
			outputPaths = (
				"$(DERIVED_FILE_DIR)/Pods-vegegrowth_ios-checkManifestLockResult.txt",
			);
			runOnlyForDeploymentPostprocessing = 0;
			shellPath = /bin/sh;
			shellScript = "diff \"${PODS_PODFILE_DIR_PATH}/Podfile.lock\" \"${PODS_ROOT}/Manifest.lock\" > /dev/null\nif [ $? != 0 ] ; then\n    # print error to STDERR\n    echo \"error: The sandbox is not in sync with the Podfile.lock. Run 'pod install' or update your CocoaPods installation.\" >&2\n    exit 1\nfi\n# This output is used by Xcode 'outputs' to avoid re-running this script phase.\necho \"SUCCESS\" > \"${SCRIPT_OUTPUT_FILE_0}\"\n";
			showEnvVarsInLog = 0;
		};
		E338217C221F4651EA7DD484 /* [CP] Embed Pods Frameworks */ = {
			isa = PBXShellScriptBuildPhase;
			buildActionMask = 2147483647;
			files = (
			);
			inputFileListPaths = (
				"${PODS_ROOT}/Target Support Files/Pods-vegegrowth_ios/Pods-vegegrowth_ios-frameworks-${CONFIGURATION}-input-files.xcfilelist",
			);
			name = "[CP] Embed Pods Frameworks";
			outputFileListPaths = (
				"${PODS_ROOT}/Target Support Files/Pods-vegegrowth_ios/Pods-vegegrowth_ios-frameworks-${CONFIGURATION}-output-files.xcfilelist",
			);
			runOnlyForDeploymentPostprocessing = 0;
			shellPath = /bin/sh;
			shellScript = "\"${PODS_ROOT}/Target Support Files/Pods-vegegrowth_ios/Pods-vegegrowth_ios-frameworks.sh\"\n";
			showEnvVarsInLog = 0;
		};
/* End PBXShellScriptBuildPhase section */

/* Begin PBXSourcesBuildPhase section */
		866C10B22A12081400AE1D47 /* Sources */ = {
			isa = PBXSourcesBuildPhase;
			buildActionMask = 2147483647;
			files = (
				866C10BA2A12081400AE1D47 /* AppDelegate.swift in Sources */,
				86D56B402A622A5B001EA96E /* browseData.swift in Sources */,
				867D520E2A16566100807A70 /* MainViewController.swift in Sources */,
				86E523FC2A1212630012D10C /* saveImg.swift in Sources */,
				8631F6D72A2A353700A29BF5 /* GrowthManageViewController.swift in Sources */,
				8657FEDD2A4FFD780011124A /* CustomButton.swift in Sources */,
				86E2A6D42A15DCF300D3D64C /* vegemanager.swift in Sources */,
				864443002A35EECC00556BD9 /* GrowthRegisterViewModel.swift in Sources */,
				864443022A35EEDF00556BD9 /* GrowthManageViewModel.swift in Sources */,
				8657FEE12A5004C70011124A /* AddMemoViewModel.swift in Sources */,
				864442FE2A35EEBE00556BD9 /* MainViewModel.swift in Sources */,
				86D56B3C2A619BA4001EA96E /* BrowseViewModel.swift in Sources */,
				866878492A2840AD005ED0A1 /* detailVege.swift in Sources */,
				866C10BC2A12081400AE1D47 /* SceneDelegate.swift in Sources */,
				86D56B3A2A619170001EA96E /* BrowseViewController.swift in Sources */,
				86E523FA2A120FC80012D10C /* GrowthRegisterViewController.swift in Sources */,
				8631F6D22A2A142000A29BF5 /* date.swift in Sources */,
				8657FEE62A501B610011124A /* addMemoViewController.swift in Sources */,
				867D520C2A16565C00807A70 /* slideshow.swift in Sources */,
				86E2A6D82A15E26D00D3D64C /* tablemanager.swift in Sources */,
				866C10C42A12081400AE1D47 /* vegegrowth_ios.xcdatamodeld in Sources */,
			);
			runOnlyForDeploymentPostprocessing = 0;
		};
/* End PBXSourcesBuildPhase section */

/* Begin XCBuildConfiguration section */
		865E9FBE2A43F35400F1CF2F /* Staging */ = {
			isa = XCBuildConfiguration;
			buildSettings = {
				ALWAYS_SEARCH_USER_PATHS = NO;
				CLANG_ANALYZER_NONNULL = YES;
				CLANG_ANALYZER_NUMBER_OBJECT_CONVERSION = YES_AGGRESSIVE;
				CLANG_CXX_LANGUAGE_STANDARD = "gnu++20";
				CLANG_ENABLE_MODULES = YES;
				CLANG_ENABLE_OBJC_ARC = YES;
				CLANG_ENABLE_OBJC_WEAK = YES;
				CLANG_WARN_BLOCK_CAPTURE_AUTORELEASING = YES;
				CLANG_WARN_BOOL_CONVERSION = YES;
				CLANG_WARN_COMMA = YES;
				CLANG_WARN_CONSTANT_CONVERSION = YES;
				CLANG_WARN_DEPRECATED_OBJC_IMPLEMENTATIONS = YES;
				CLANG_WARN_DIRECT_OBJC_ISA_USAGE = YES_ERROR;
				CLANG_WARN_DOCUMENTATION_COMMENTS = YES;
				CLANG_WARN_EMPTY_BODY = YES;
				CLANG_WARN_ENUM_CONVERSION = YES;
				CLANG_WARN_INFINITE_RECURSION = YES;
				CLANG_WARN_INT_CONVERSION = YES;
				CLANG_WARN_NON_LITERAL_NULL_CONVERSION = YES;
				CLANG_WARN_OBJC_IMPLICIT_RETAIN_SELF = YES;
				CLANG_WARN_OBJC_LITERAL_CONVERSION = YES;
				CLANG_WARN_OBJC_ROOT_CLASS = YES_ERROR;
				CLANG_WARN_QUOTED_INCLUDE_IN_FRAMEWORK_HEADER = YES;
				CLANG_WARN_RANGE_LOOP_ANALYSIS = YES;
				CLANG_WARN_STRICT_PROTOTYPES = YES;
				CLANG_WARN_SUSPICIOUS_MOVE = YES;
				CLANG_WARN_UNGUARDED_AVAILABILITY = YES_AGGRESSIVE;
				CLANG_WARN_UNREACHABLE_CODE = YES;
				CLANG_WARN__DUPLICATE_METHOD_MATCH = YES;
				COPY_PHASE_STRIP = NO;
				DEBUG_INFORMATION_FORMAT = dwarf;
				ENABLE_STRICT_OBJC_MSGSEND = YES;
				ENABLE_TESTABILITY = YES;
				EXCLUDED_ARCHS = "";
				GCC_C_LANGUAGE_STANDARD = gnu11;
				GCC_DYNAMIC_NO_PIC = NO;
				GCC_NO_COMMON_BLOCKS = YES;
				GCC_OPTIMIZATION_LEVEL = 0;
				GCC_PREPROCESSOR_DEFINITIONS = (
					"DEBUG=1",
					"$(inherited)",
				);
				GCC_WARN_64_TO_32_BIT_CONVERSION = YES;
				GCC_WARN_ABOUT_RETURN_TYPE = YES_ERROR;
				GCC_WARN_UNDECLARED_SELECTOR = YES;
				GCC_WARN_UNINITIALIZED_AUTOS = YES_AGGRESSIVE;
				GCC_WARN_UNUSED_FUNCTION = YES;
				GCC_WARN_UNUSED_VARIABLE = YES;
				IPHONEOS_DEPLOYMENT_TARGET = 16.4;
				MTL_ENABLE_DEBUG_INFO = INCLUDE_SOURCE;
				MTL_FAST_MATH = YES;
				ONLY_ACTIVE_ARCH = YES;
				SDKROOT = iphoneos;
				SWIFT_ACTIVE_COMPILATION_CONDITIONS = DEBUG;
				SWIFT_OPTIMIZATION_LEVEL = "-Onone";
			};
			name = Staging;
		};
		865E9FBF2A43F35400F1CF2F /* Staging */ = {
			isa = XCBuildConfiguration;
			baseConfigurationReference = 59F8B2A32BB6B8B36DB4E3E2 /* Pods-vegegrowth_ios.debug.xcconfig */;
			buildSettings = {
				ASSETCATALOG_COMPILER_APPICON_NAME = AppIcon;
				ASSETCATALOG_COMPILER_GLOBAL_ACCENT_COLOR_NAME = AccentColor;
				CODE_SIGN_STYLE = Automatic;
				CURRENT_PROJECT_VERSION = 1;
				DEVELOPMENT_TEAM = KYYQD4R3RH;
				GENERATE_INFOPLIST_FILE = YES;
				INFOPLIST_FILE = vegegrowth_ios/Info.plist;
				INFOPLIST_KEY_UIApplicationSupportsIndirectInputEvents = YES;
				INFOPLIST_KEY_UILaunchStoryboardName = LaunchScreen;
				INFOPLIST_KEY_UIMainStoryboardFile = Main;
				INFOPLIST_KEY_UISupportedInterfaceOrientations_iPad = "UIInterfaceOrientationPortrait UIInterfaceOrientationPortraitUpsideDown UIInterfaceOrientationLandscapeLeft UIInterfaceOrientationLandscapeRight";
				INFOPLIST_KEY_UISupportedInterfaceOrientations_iPhone = "UIInterfaceOrientationPortrait UIInterfaceOrientationLandscapeLeft UIInterfaceOrientationLandscapeRight";
				LD_RUNPATH_SEARCH_PATHS = (
					"$(inherited)",
					"@executable_path/Frameworks",
				);
				MARKETING_VERSION = 1.0;
				PRODUCT_BUNDLE_IDENTIFIER = "moto-vege.vegegrowth-ios";
				PRODUCT_NAME = "$(TARGET_NAME)";
				SWIFT_EMIT_LOC_STRINGS = YES;
				SWIFT_VERSION = 5.0;
				TARGETED_DEVICE_FAMILY = "1,2";
			};
			name = Staging;
		};
		866C10CB2A12081500AE1D47 /* Debug */ = {
			isa = XCBuildConfiguration;
			buildSettings = {
				ALWAYS_SEARCH_USER_PATHS = NO;
				CLANG_ANALYZER_NONNULL = YES;
				CLANG_ANALYZER_NUMBER_OBJECT_CONVERSION = YES_AGGRESSIVE;
				CLANG_CXX_LANGUAGE_STANDARD = "gnu++20";
				CLANG_ENABLE_MODULES = YES;
				CLANG_ENABLE_OBJC_ARC = YES;
				CLANG_ENABLE_OBJC_WEAK = YES;
				CLANG_WARN_BLOCK_CAPTURE_AUTORELEASING = YES;
				CLANG_WARN_BOOL_CONVERSION = YES;
				CLANG_WARN_COMMA = YES;
				CLANG_WARN_CONSTANT_CONVERSION = YES;
				CLANG_WARN_DEPRECATED_OBJC_IMPLEMENTATIONS = YES;
				CLANG_WARN_DIRECT_OBJC_ISA_USAGE = YES_ERROR;
				CLANG_WARN_DOCUMENTATION_COMMENTS = YES;
				CLANG_WARN_EMPTY_BODY = YES;
				CLANG_WARN_ENUM_CONVERSION = YES;
				CLANG_WARN_INFINITE_RECURSION = YES;
				CLANG_WARN_INT_CONVERSION = YES;
				CLANG_WARN_NON_LITERAL_NULL_CONVERSION = YES;
				CLANG_WARN_OBJC_IMPLICIT_RETAIN_SELF = YES;
				CLANG_WARN_OBJC_LITERAL_CONVERSION = YES;
				CLANG_WARN_OBJC_ROOT_CLASS = YES_ERROR;
				CLANG_WARN_QUOTED_INCLUDE_IN_FRAMEWORK_HEADER = YES;
				CLANG_WARN_RANGE_LOOP_ANALYSIS = YES;
				CLANG_WARN_STRICT_PROTOTYPES = YES;
				CLANG_WARN_SUSPICIOUS_MOVE = YES;
				CLANG_WARN_UNGUARDED_AVAILABILITY = YES_AGGRESSIVE;
				CLANG_WARN_UNREACHABLE_CODE = YES;
				CLANG_WARN__DUPLICATE_METHOD_MATCH = YES;
				COPY_PHASE_STRIP = NO;
				DEBUG_INFORMATION_FORMAT = dwarf;
				ENABLE_STRICT_OBJC_MSGSEND = YES;
				ENABLE_TESTABILITY = YES;
				EXCLUDED_ARCHS = "";
				GCC_C_LANGUAGE_STANDARD = gnu11;
				GCC_DYNAMIC_NO_PIC = NO;
				GCC_NO_COMMON_BLOCKS = YES;
				GCC_OPTIMIZATION_LEVEL = 0;
				GCC_PREPROCESSOR_DEFINITIONS = (
					"DEBUG=1",
					"$(inherited)",
				);
				GCC_WARN_64_TO_32_BIT_CONVERSION = YES;
				GCC_WARN_ABOUT_RETURN_TYPE = YES_ERROR;
				GCC_WARN_UNDECLARED_SELECTOR = YES;
				GCC_WARN_UNINITIALIZED_AUTOS = YES_AGGRESSIVE;
				GCC_WARN_UNUSED_FUNCTION = YES;
				GCC_WARN_UNUSED_VARIABLE = YES;
				IPHONEOS_DEPLOYMENT_TARGET = 16.4;
				MTL_ENABLE_DEBUG_INFO = INCLUDE_SOURCE;
				MTL_FAST_MATH = YES;
				ONLY_ACTIVE_ARCH = YES;
				SDKROOT = iphoneos;
				SWIFT_ACTIVE_COMPILATION_CONDITIONS = DEBUG;
				SWIFT_OPTIMIZATION_LEVEL = "-Onone";
			};
			name = Debug;
		};
		866C10CC2A12081500AE1D47 /* Release */ = {
			isa = XCBuildConfiguration;
			buildSettings = {
				ALWAYS_SEARCH_USER_PATHS = NO;
				CLANG_ANALYZER_NONNULL = YES;
				CLANG_ANALYZER_NUMBER_OBJECT_CONVERSION = YES_AGGRESSIVE;
				CLANG_CXX_LANGUAGE_STANDARD = "gnu++20";
				CLANG_ENABLE_MODULES = YES;
				CLANG_ENABLE_OBJC_ARC = YES;
				CLANG_ENABLE_OBJC_WEAK = YES;
				CLANG_WARN_BLOCK_CAPTURE_AUTORELEASING = YES;
				CLANG_WARN_BOOL_CONVERSION = YES;
				CLANG_WARN_COMMA = YES;
				CLANG_WARN_CONSTANT_CONVERSION = YES;
				CLANG_WARN_DEPRECATED_OBJC_IMPLEMENTATIONS = YES;
				CLANG_WARN_DIRECT_OBJC_ISA_USAGE = YES_ERROR;
				CLANG_WARN_DOCUMENTATION_COMMENTS = YES;
				CLANG_WARN_EMPTY_BODY = YES;
				CLANG_WARN_ENUM_CONVERSION = YES;
				CLANG_WARN_INFINITE_RECURSION = YES;
				CLANG_WARN_INT_CONVERSION = YES;
				CLANG_WARN_NON_LITERAL_NULL_CONVERSION = YES;
				CLANG_WARN_OBJC_IMPLICIT_RETAIN_SELF = YES;
				CLANG_WARN_OBJC_LITERAL_CONVERSION = YES;
				CLANG_WARN_OBJC_ROOT_CLASS = YES_ERROR;
				CLANG_WARN_QUOTED_INCLUDE_IN_FRAMEWORK_HEADER = YES;
				CLANG_WARN_RANGE_LOOP_ANALYSIS = YES;
				CLANG_WARN_STRICT_PROTOTYPES = YES;
				CLANG_WARN_SUSPICIOUS_MOVE = YES;
				CLANG_WARN_UNGUARDED_AVAILABILITY = YES_AGGRESSIVE;
				CLANG_WARN_UNREACHABLE_CODE = YES;
				CLANG_WARN__DUPLICATE_METHOD_MATCH = YES;
				COPY_PHASE_STRIP = NO;
				DEBUG_INFORMATION_FORMAT = "dwarf-with-dsym";
				ENABLE_NS_ASSERTIONS = NO;
				ENABLE_STRICT_OBJC_MSGSEND = YES;
				EXCLUDED_ARCHS = "";
				GCC_C_LANGUAGE_STANDARD = gnu11;
				GCC_NO_COMMON_BLOCKS = YES;
				GCC_WARN_64_TO_32_BIT_CONVERSION = YES;
				GCC_WARN_ABOUT_RETURN_TYPE = YES_ERROR;
				GCC_WARN_UNDECLARED_SELECTOR = YES;
				GCC_WARN_UNINITIALIZED_AUTOS = YES_AGGRESSIVE;
				GCC_WARN_UNUSED_FUNCTION = YES;
				GCC_WARN_UNUSED_VARIABLE = YES;
				IPHONEOS_DEPLOYMENT_TARGET = 16.4;
				MTL_ENABLE_DEBUG_INFO = NO;
				MTL_FAST_MATH = YES;
				SDKROOT = iphoneos;
				SWIFT_COMPILATION_MODE = wholemodule;
				SWIFT_OPTIMIZATION_LEVEL = "-O";
				VALIDATE_PRODUCT = YES;
			};
			name = Release;
		};
		866C10CE2A12081500AE1D47 /* Debug */ = {
			isa = XCBuildConfiguration;
			baseConfigurationReference = 59F8B2A32BB6B8B36DB4E3E2 /* Pods-vegegrowth_ios.debug.xcconfig */;
			buildSettings = {
				ASSETCATALOG_COMPILER_APPICON_NAME = AppIcon;
				ASSETCATALOG_COMPILER_GLOBAL_ACCENT_COLOR_NAME = AccentColor;
				CODE_SIGN_STYLE = Automatic;
				CURRENT_PROJECT_VERSION = 1;
				DEVELOPMENT_TEAM = KYYQD4R3RH;
				GENERATE_INFOPLIST_FILE = YES;
				INFOPLIST_FILE = vegegrowth_ios/Info.plist;
				INFOPLIST_KEY_UIApplicationSupportsIndirectInputEvents = YES;
				INFOPLIST_KEY_UILaunchStoryboardName = LaunchScreen;
				INFOPLIST_KEY_UIMainStoryboardFile = Main;
				INFOPLIST_KEY_UISupportedInterfaceOrientations_iPad = "UIInterfaceOrientationPortrait UIInterfaceOrientationPortraitUpsideDown UIInterfaceOrientationLandscapeLeft UIInterfaceOrientationLandscapeRight";
				INFOPLIST_KEY_UISupportedInterfaceOrientations_iPhone = "UIInterfaceOrientationPortrait UIInterfaceOrientationLandscapeLeft UIInterfaceOrientationLandscapeRight";
				LD_RUNPATH_SEARCH_PATHS = (
					"$(inherited)",
					"@executable_path/Frameworks",
				);
				MARKETING_VERSION = 1.0;
				PRODUCT_BUNDLE_IDENTIFIER = "moto-vege.vegegrowth-ios";
				PRODUCT_NAME = "$(TARGET_NAME)";
				SWIFT_EMIT_LOC_STRINGS = YES;
				SWIFT_VERSION = 5.0;
				TARGETED_DEVICE_FAMILY = "1,2";
			};
			name = Debug;
		};
		866C10CF2A12081500AE1D47 /* Release */ = {
			isa = XCBuildConfiguration;
			baseConfigurationReference = 84F34F3D870F5DB5A4A32A98 /* Pods-vegegrowth_ios.release.xcconfig */;
			buildSettings = {
				ASSETCATALOG_COMPILER_APPICON_NAME = AppIcon;
				ASSETCATALOG_COMPILER_GLOBAL_ACCENT_COLOR_NAME = AccentColor;
				CODE_SIGN_STYLE = Automatic;
				CURRENT_PROJECT_VERSION = 1;
				DEVELOPMENT_TEAM = KYYQD4R3RH;
				GENERATE_INFOPLIST_FILE = YES;
				INFOPLIST_FILE = vegegrowth_ios/Info.plist;
				INFOPLIST_KEY_UIApplicationSupportsIndirectInputEvents = YES;
				INFOPLIST_KEY_UILaunchStoryboardName = LaunchScreen;
				INFOPLIST_KEY_UIMainStoryboardFile = Main;
				INFOPLIST_KEY_UISupportedInterfaceOrientations_iPad = "UIInterfaceOrientationPortrait UIInterfaceOrientationPortraitUpsideDown UIInterfaceOrientationLandscapeLeft UIInterfaceOrientationLandscapeRight";
				INFOPLIST_KEY_UISupportedInterfaceOrientations_iPhone = "UIInterfaceOrientationPortrait UIInterfaceOrientationLandscapeLeft UIInterfaceOrientationLandscapeRight";
				LD_RUNPATH_SEARCH_PATHS = (
					"$(inherited)",
					"@executable_path/Frameworks",
				);
				MARKETING_VERSION = 1.0;
				PRODUCT_BUNDLE_IDENTIFIER = "moto-vege.vegegrowth-ios";
				PRODUCT_NAME = "$(TARGET_NAME)";
				SWIFT_EMIT_LOC_STRINGS = YES;
				SWIFT_VERSION = 5.0;
				TARGETED_DEVICE_FAMILY = "1,2";
			};
			name = Release;
		};
/* End XCBuildConfiguration section */

/* Begin XCConfigurationList section */
		866C10B12A12081400AE1D47 /* Build configuration list for PBXProject "vegegrowth_ios" */ = {
			isa = XCConfigurationList;
			buildConfigurations = (
				866C10CB2A12081500AE1D47 /* Debug */,
				865E9FBE2A43F35400F1CF2F /* Staging */,
				866C10CC2A12081500AE1D47 /* Release */,
			);
			defaultConfigurationIsVisible = 0;
			defaultConfigurationName = Release;
		};
		866C10CD2A12081500AE1D47 /* Build configuration list for PBXNativeTarget "vegegrowth_ios" */ = {
			isa = XCConfigurationList;
			buildConfigurations = (
				866C10CE2A12081500AE1D47 /* Debug */,
				865E9FBF2A43F35400F1CF2F /* Staging */,
				866C10CF2A12081500AE1D47 /* Release */,
			);
			defaultConfigurationIsVisible = 0;
			defaultConfigurationName = Release;
		};
/* End XCConfigurationList section */

/* Begin XCRemoteSwiftPackageReference section */
		8674D7092A36BA2300D2F25B /* XCRemoteSwiftPackageReference "RxSwift" */ = {
			isa = XCRemoteSwiftPackageReference;
			repositoryURL = "https://github.com/ReactiveX/RxSwift";
			requirement = {
				kind = upToNextMajorVersion;
				minimumVersion = 6.0.0;
			};
		};
		8674D7102A3948AA00D2F25B /* XCRemoteSwiftPackageReference "RxDataSources" */ = {
			isa = XCRemoteSwiftPackageReference;
			repositoryURL = "https://github.com/RxSwiftCommunity/RxDataSources.git";
			requirement = {
				kind = upToNextMajorVersion;
				minimumVersion = 5.0.0;
			};
		};
/* End XCRemoteSwiftPackageReference section */

/* Begin XCSwiftPackageProductDependency section */
		8674D70A2A36BA2300D2F25B /* RxCocoa */ = {
			isa = XCSwiftPackageProductDependency;
			package = 8674D7092A36BA2300D2F25B /* XCRemoteSwiftPackageReference "RxSwift" */;
			productName = RxCocoa;
		};
		8674D70C2A36BA2300D2F25B /* RxRelay */ = {
			isa = XCSwiftPackageProductDependency;
			package = 8674D7092A36BA2300D2F25B /* XCRemoteSwiftPackageReference "RxSwift" */;
			productName = RxRelay;
		};
		8674D70E2A36BA2300D2F25B /* RxSwift */ = {
			isa = XCSwiftPackageProductDependency;
			package = 8674D7092A36BA2300D2F25B /* XCRemoteSwiftPackageReference "RxSwift" */;
			productName = RxSwift;
		};
		8674D7112A3948AA00D2F25B /* RxDataSources */ = {
			isa = XCSwiftPackageProductDependency;
			package = 8674D7102A3948AA00D2F25B /* XCRemoteSwiftPackageReference "RxDataSources" */;
			productName = RxDataSources;
		};
/* End XCSwiftPackageProductDependency section */

/* Begin XCVersionGroup section */
		866C10C22A12081400AE1D47 /* vegegrowth_ios.xcdatamodeld */ = {
			isa = XCVersionGroup;
			children = (
				866C10C32A12081400AE1D47 /* vegegrowth_ios.xcdatamodel */,
			);
			currentVersion = 866C10C32A12081400AE1D47 /* vegegrowth_ios.xcdatamodel */;
			path = vegegrowth_ios.xcdatamodeld;
			sourceTree = "<group>";
			versionGroupType = wrapper.xcdatamodel;
		};
/* End XCVersionGroup section */
	};
	rootObject = 866C10AE2A12081400AE1D47 /* Project object */;
}
